// !$*UTF8*$!
{
	archiveVersion = 1;
	classes = {
	};
	objectVersion = 46;
	objects = {

/* Begin PBXBuildFile section */
		314DFA2D180B2CE2007C9015 /* SHZAppDelegate.m in Sources */ = {isa = PBXBuildFile; fileRef = 314DFA2A180B2CE2007C9015 /* SHZAppDelegate.m */; };
		314DFA2E180B2CE2007C9015 /* SHZViewController.m in Sources */ = {isa = PBXBuildFile; fileRef = 314DFA2C180B2CE2007C9015 /* SHZViewController.m */; };
		314DFA33180B2CFA007C9015 /* Default-568h@2x.png in Resources */ = {isa = PBXBuildFile; fileRef = 314DFA30180B2CFA007C9015 /* Default-568h@2x.png */; };
		314DFA34180B2CFA007C9015 /* Default.png in Resources */ = {isa = PBXBuildFile; fileRef = 314DFA31180B2CFA007C9015 /* Default.png */; };
		314DFA35180B2CFA007C9015 /* Default@2x.png in Resources */ = {isa = PBXBuildFile; fileRef = 314DFA32180B2CFA007C9015 /* Default@2x.png */; };
		314DFA3B180B323D007C9015 /* SHZTagsDataSource.m in Sources */ = {isa = PBXBuildFile; fileRef = 314DFA3A180B323D007C9015 /* SHZTagsDataSource.m */; };
		314DFA41180BA7B2007C9015 /* taglistrss_test1.xml in Resources */ = {isa = PBXBuildFile; fileRef = 314DFA40180BA7B2007C9015 /* taglistrss_test1.xml */; };
		314DFA42180BA7B2007C9015 /* taglistrss_test1.xml in Resources */ = {isa = PBXBuildFile; fileRef = 314DFA40180BA7B2007C9015 /* taglistrss_test1.xml */; };
		314DFA45180BA84D007C9015 /* SHZRSSItem.m in Sources */ = {isa = PBXBuildFile; fileRef = 314DFA44180BA84D007C9015 /* SHZRSSItem.m */; };
		314DFA46180BA84D007C9015 /* SHZRSSItem.m in Sources */ = {isa = PBXBuildFile; fileRef = 314DFA44180BA84D007C9015 /* SHZRSSItem.m */; };
		314DFA49180BAA31007C9015 /* Generic_Feed-icon.png in Resources */ = {isa = PBXBuildFile; fileRef = 314DFA47180BAA31007C9015 /* Generic_Feed-icon.png */; };
		314DFA4A180BAA31007C9015 /* Generic_Feed-icon@2x.png in Resources */ = {isa = PBXBuildFile; fileRef = 314DFA48180BAA31007C9015 /* Generic_Feed-icon@2x.png */; };
		314DFA4F180BB030007C9015 /* UIImage+CommonImages.m in Sources */ = {isa = PBXBuildFile; fileRef = 314DFA4E180BB030007C9015 /* UIImage+CommonImages.m */; };
		314DFA53180BB4A6007C9015 /* SHZRSSParser.m in Sources */ = {isa = PBXBuildFile; fileRef = 314DFA52180BB4A5007C9015 /* SHZRSSParser.m */; };
		314DFA58180BC77A007C9015 /* NSString+Concatenation.m in Sources */ = {isa = PBXBuildFile; fileRef = 314DFA57180BC77A007C9015 /* NSString+Concatenation.m */; };
		314DFA5B180BC9FF007C9015 /* NSString+Common.m in Sources */ = {isa = PBXBuildFile; fileRef = 314DFA5A180BC9FF007C9015 /* NSString+Common.m */; };
		314DFA5E180BCB75007C9015 /* SHZWebViewController.m in Sources */ = {isa = PBXBuildFile; fileRef = 314DFA5D180BCB75007C9015 /* SHZWebViewController.m */; };
		314DFA61180BD233007C9015 /* SHZNetworkManager.m in Sources */ = {isa = PBXBuildFile; fileRef = 314DFA60180BD232007C9015 /* SHZNetworkManager.m */; };
		314DFA65180BD6E2007C9015 /* NSURLRequest+Common.m in Sources */ = {isa = PBXBuildFile; fileRef = 314DFA64180BD6E2007C9015 /* NSURLRequest+Common.m */; };
		314DFA68180CB935007C9015 /* NSArray+RSSItemCollection.m in Sources */ = {isa = PBXBuildFile; fileRef = 314DFA67180CB934007C9015 /* NSArray+RSSItemCollection.m */; };
		314DFA6C180D2236007C9015 /* Localizable.strings in Resources */ = {isa = PBXBuildFile; fileRef = 314DFA6A180D2234007C9015 /* Localizable.strings */; };
		314DFA70180D29F5007C9015 /* Configuration.m in Sources */ = {isa = PBXBuildFile; fileRef = 314DFA6F180D29F3007C9015 /* Configuration.m */; };
		314DFA75180D2C69007C9015 /* NSError+CommonErrors.m in Sources */ = {isa = PBXBuildFile; fileRef = 314DFA74180D2C63007C9015 /* NSError+CommonErrors.m */; };
		3172F6BE180D3F3900CD456E /* SHZRSSParseOperation.m in Sources */ = {isa = PBXBuildFile; fileRef = 3172F6BD180D3F3900CD456E /* SHZRSSParseOperation.m */; };
		319F0674180B2ABC00943567 /* UIKit.framework in Frameworks */ = {isa = PBXBuildFile; fileRef = 319F0673180B2ABC00943567 /* UIKit.framework */; };
		319F0676180B2ABC00943567 /* Foundation.framework in Frameworks */ = {isa = PBXBuildFile; fileRef = 319F0675180B2ABC00943567 /* Foundation.framework */; };
		319F0678180B2ABC00943567 /* CoreGraphics.framework in Frameworks */ = {isa = PBXBuildFile; fileRef = 319F0677180B2ABC00943567 /* CoreGraphics.framework */; };
		319F067E180B2ABC00943567 /* InfoPlist.strings in Resources */ = {isa = PBXBuildFile; fileRef = 319F067C180B2ABC00943567 /* InfoPlist.strings */; };
		319F0680180B2ABC00943567 /* main.m in Sources */ = {isa = PBXBuildFile; fileRef = 319F067F180B2ABC00943567 /* main.m */; };
		319F068D180B2ABC00943567 /* MainStoryboard_iPhone.storyboard in Resources */ = {isa = PBXBuildFile; fileRef = 319F068B180B2ABC00943567 /* MainStoryboard_iPhone.storyboard */; };
		319F0690180B2ABC00943567 /* MainStoryboard_iPad.storyboard in Resources */ = {isa = PBXBuildFile; fileRef = 319F068E180B2ABC00943567 /* MainStoryboard_iPad.storyboard */; };
		319F069B180B2ABD00943567 /* SenTestingKit.framework in Frameworks */ = {isa = PBXBuildFile; fileRef = 319F069A180B2ABD00943567 /* SenTestingKit.framework */; };
		319F069C180B2ABD00943567 /* UIKit.framework in Frameworks */ = {isa = PBXBuildFile; fileRef = 319F0673180B2ABC00943567 /* UIKit.framework */; };
		319F069D180B2ABD00943567 /* Foundation.framework in Frameworks */ = {isa = PBXBuildFile; fileRef = 319F0675180B2ABC00943567 /* Foundation.framework */; };
		319F06A5180B2ABD00943567 /* InfoPlist.strings in Resources */ = {isa = PBXBuildFile; fileRef = 319F06A3180B2ABD00943567 /* InfoPlist.strings */; };
		319F06A8180B2ABD00943567 /* ShazamTestProjTests.m in Sources */ = {isa = PBXBuildFile; fileRef = 319F06A7180B2ABD00943567 /* ShazamTestProjTests.m */; };
		6C5AC7D652807EC2D419183D /* SHZRSSMutableItem.m in Sources */ = {isa = PBXBuildFile; fileRef = 6C5AC929AD27B9DBFCBC3A36 /* SHZRSSMutableItem.m */; };
		6C5ACBCD3D813AA92DF6F8AA /* UIAlertView+CommonAlerts.m in Sources */ = {isa = PBXBuildFile; fileRef = 6C5AC5559B48CDC2984FB8C4 /* UIAlertView+CommonAlerts.m */; };
/* End PBXBuildFile section */

/* Begin PBXContainerItemProxy section */
		319F069E180B2ABD00943567 /* PBXContainerItemProxy */ = {
			isa = PBXContainerItemProxy;
			containerPortal = 319F0668180B2ABC00943567 /* Project object */;
			proxyType = 1;
			remoteGlobalIDString = 319F066F180B2ABC00943567;
			remoteInfo = ShazamTestProj;
		};
/* End PBXContainerItemProxy section */

/* Begin PBXFileReference section */
		314DFA29180B2CE2007C9015 /* SHZAppDelegate.h */ = {isa = PBXFileReference; fileEncoding = 4; lastKnownFileType = sourcecode.c.h; path = SHZAppDelegate.h; sourceTree = "<group>"; };
		314DFA2A180B2CE2007C9015 /* SHZAppDelegate.m */ = {isa = PBXFileReference; fileEncoding = 4; lastKnownFileType = sourcecode.c.objc; path = SHZAppDelegate.m; sourceTree = "<group>"; };
		314DFA2B180B2CE2007C9015 /* SHZViewController.h */ = {isa = PBXFileReference; fileEncoding = 4; lastKnownFileType = sourcecode.c.h; path = SHZViewController.h; sourceTree = "<group>"; };
		314DFA2C180B2CE2007C9015 /* SHZViewController.m */ = {isa = PBXFileReference; fileEncoding = 4; lastKnownFileType = sourcecode.c.objc; path = SHZViewController.m; sourceTree = "<group>"; };
		314DFA30180B2CFA007C9015 /* Default-568h@2x.png */ = {isa = PBXFileReference; lastKnownFileType = image.png; path = "Default-568h@2x.png"; sourceTree = "<group>"; };
		314DFA31180B2CFA007C9015 /* Default.png */ = {isa = PBXFileReference; lastKnownFileType = image.png; path = Default.png; sourceTree = "<group>"; };
		314DFA32180B2CFA007C9015 /* Default@2x.png */ = {isa = PBXFileReference; lastKnownFileType = image.png; path = "Default@2x.png"; sourceTree = "<group>"; };
		314DFA39180B323D007C9015 /* SHZTagsDataSource.h */ = {isa = PBXFileReference; fileEncoding = 4; lastKnownFileType = sourcecode.c.h; path = SHZTagsDataSource.h; sourceTree = "<group>"; };
		314DFA3A180B323D007C9015 /* SHZTagsDataSource.m */ = {isa = PBXFileReference; fileEncoding = 4; lastKnownFileType = sourcecode.c.objc; path = SHZTagsDataSource.m; sourceTree = "<group>"; };
		314DFA40180BA7B2007C9015 /* taglistrss_test1.xml */ = {isa = PBXFileReference; fileEncoding = 4; lastKnownFileType = text.xml; path = taglistrss_test1.xml; sourceTree = "<group>"; };
		314DFA43180BA84D007C9015 /* SHZRSSItem.h */ = {isa = PBXFileReference; fileEncoding = 4; lastKnownFileType = sourcecode.c.h; path = SHZRSSItem.h; sourceTree = "<group>"; };
		314DFA44180BA84D007C9015 /* SHZRSSItem.m */ = {isa = PBXFileReference; fileEncoding = 4; lastKnownFileType = sourcecode.c.objc; path = SHZRSSItem.m; sourceTree = "<group>"; };
		314DFA47180BAA31007C9015 /* Generic_Feed-icon.png */ = {isa = PBXFileReference; lastKnownFileType = image.png; path = "Generic_Feed-icon.png"; sourceTree = "<group>"; };
		314DFA48180BAA31007C9015 /* Generic_Feed-icon@2x.png */ = {isa = PBXFileReference; lastKnownFileType = image.png; path = "Generic_Feed-icon@2x.png"; sourceTree = "<group>"; };
		314DFA4D180BB030007C9015 /* UIImage+CommonImages.h */ = {isa = PBXFileReference; fileEncoding = 4; lastKnownFileType = sourcecode.c.h; path = "UIImage+CommonImages.h"; sourceTree = "<group>"; };
		314DFA4E180BB030007C9015 /* UIImage+CommonImages.m */ = {isa = PBXFileReference; fileEncoding = 4; lastKnownFileType = sourcecode.c.objc; path = "UIImage+CommonImages.m"; sourceTree = "<group>"; };
		314DFA51180BB4A5007C9015 /* SHZRSSParser.h */ = {isa = PBXFileReference; fileEncoding = 4; lastKnownFileType = sourcecode.c.h; path = SHZRSSParser.h; sourceTree = "<group>"; };
		314DFA52180BB4A5007C9015 /* SHZRSSParser.m */ = {isa = PBXFileReference; fileEncoding = 4; lastKnownFileType = sourcecode.c.objc; path = SHZRSSParser.m; sourceTree = "<group>"; };
		314DFA56180BC77A007C9015 /* NSString+Concatenation.h */ = {isa = PBXFileReference; fileEncoding = 4; lastKnownFileType = sourcecode.c.h; path = "NSString+Concatenation.h"; sourceTree = "<group>"; };
		314DFA57180BC77A007C9015 /* NSString+Concatenation.m */ = {isa = PBXFileReference; fileEncoding = 4; lastKnownFileType = sourcecode.c.objc; path = "NSString+Concatenation.m"; sourceTree = "<group>"; };
		314DFA59180BC9FF007C9015 /* NSString+Common.h */ = {isa = PBXFileReference; fileEncoding = 4; lastKnownFileType = sourcecode.c.h; path = "NSString+Common.h"; sourceTree = "<group>"; };
		314DFA5A180BC9FF007C9015 /* NSString+Common.m */ = {isa = PBXFileReference; fileEncoding = 4; lastKnownFileType = sourcecode.c.objc; path = "NSString+Common.m"; sourceTree = "<group>"; };
		314DFA5C180BCB75007C9015 /* SHZWebViewController.h */ = {isa = PBXFileReference; fileEncoding = 4; lastKnownFileType = sourcecode.c.h; path = SHZWebViewController.h; sourceTree = "<group>"; };
		314DFA5D180BCB75007C9015 /* SHZWebViewController.m */ = {isa = PBXFileReference; fileEncoding = 4; lastKnownFileType = sourcecode.c.objc; path = SHZWebViewController.m; sourceTree = "<group>"; };
		314DFA5F180BD231007C9015 /* SHZNetworkManager.h */ = {isa = PBXFileReference; fileEncoding = 4; lastKnownFileType = sourcecode.c.h; path = SHZNetworkManager.h; sourceTree = "<group>"; };
		314DFA60180BD232007C9015 /* SHZNetworkManager.m */ = {isa = PBXFileReference; fileEncoding = 4; lastKnownFileType = sourcecode.c.objc; path = SHZNetworkManager.m; sourceTree = "<group>"; };
		314DFA63180BD6E2007C9015 /* NSURLRequest+Common.h */ = {isa = PBXFileReference; fileEncoding = 4; lastKnownFileType = sourcecode.c.h; path = "NSURLRequest+Common.h"; sourceTree = "<group>"; };
		314DFA64180BD6E2007C9015 /* NSURLRequest+Common.m */ = {isa = PBXFileReference; fileEncoding = 4; lastKnownFileType = sourcecode.c.objc; path = "NSURLRequest+Common.m"; sourceTree = "<group>"; };
		314DFA66180CB934007C9015 /* NSArray+RSSItemCollection.h */ = {isa = PBXFileReference; fileEncoding = 4; lastKnownFileType = sourcecode.c.h; path = "NSArray+RSSItemCollection.h"; sourceTree = "<group>"; };
		314DFA67180CB934007C9015 /* NSArray+RSSItemCollection.m */ = {isa = PBXFileReference; fileEncoding = 4; lastKnownFileType = sourcecode.c.objc; path = "NSArray+RSSItemCollection.m"; sourceTree = "<group>"; };
		314DFA6B180D2236007C9015 /* en */ = {isa = PBXFileReference; lastKnownFileType = text.plist.strings; name = en; path = en.lproj/Localizable.strings; sourceTree = "<group>"; };
		314DFA6E180D29F2007C9015 /* Configuration.h */ = {isa = PBXFileReference; fileEncoding = 4; lastKnownFileType = sourcecode.c.h; path = Configuration.h; sourceTree = "<group>"; };
		314DFA6F180D29F3007C9015 /* Configuration.m */ = {isa = PBXFileReference; fileEncoding = 4; lastKnownFileType = sourcecode.c.objc; path = Configuration.m; sourceTree = "<group>"; };
		314DFA73180D2C60007C9015 /* NSError+CommonErrors.h */ = {isa = PBXFileReference; fileEncoding = 4; lastKnownFileType = sourcecode.c.h; path = "NSError+CommonErrors.h"; sourceTree = "<group>"; };
		314DFA74180D2C63007C9015 /* NSError+CommonErrors.m */ = {isa = PBXFileReference; fileEncoding = 4; lastKnownFileType = sourcecode.c.objc; path = "NSError+CommonErrors.m"; sourceTree = "<group>"; };
		3172F6BC180D3F3900CD456E /* SHZRSSParseOperation.h */ = {isa = PBXFileReference; fileEncoding = 4; lastKnownFileType = sourcecode.c.h; path = SHZRSSParseOperation.h; sourceTree = "<group>"; };
		3172F6BD180D3F3900CD456E /* SHZRSSParseOperation.m */ = {isa = PBXFileReference; fileEncoding = 4; lastKnownFileType = sourcecode.c.objc; path = SHZRSSParseOperation.m; sourceTree = "<group>"; };
		319F0670180B2ABC00943567 /* ShazamTestProj.app */ = {isa = PBXFileReference; explicitFileType = wrapper.application; includeInIndex = 0; path = ShazamTestProj.app; sourceTree = BUILT_PRODUCTS_DIR; };
		319F0673180B2ABC00943567 /* UIKit.framework */ = {isa = PBXFileReference; lastKnownFileType = wrapper.framework; name = UIKit.framework; path = System/Library/Frameworks/UIKit.framework; sourceTree = SDKROOT; };
		319F0675180B2ABC00943567 /* Foundation.framework */ = {isa = PBXFileReference; lastKnownFileType = wrapper.framework; name = Foundation.framework; path = System/Library/Frameworks/Foundation.framework; sourceTree = SDKROOT; };
		319F0677180B2ABC00943567 /* CoreGraphics.framework */ = {isa = PBXFileReference; lastKnownFileType = wrapper.framework; name = CoreGraphics.framework; path = System/Library/Frameworks/CoreGraphics.framework; sourceTree = SDKROOT; };
		319F067B180B2ABC00943567 /* ShazamTestProj-Info.plist */ = {isa = PBXFileReference; lastKnownFileType = text.plist.xml; path = "ShazamTestProj-Info.plist"; sourceTree = "<group>"; };
		319F067D180B2ABC00943567 /* en */ = {isa = PBXFileReference; lastKnownFileType = text.plist.strings; name = en; path = en.lproj/InfoPlist.strings; sourceTree = "<group>"; };
		319F067F180B2ABC00943567 /* main.m */ = {isa = PBXFileReference; lastKnownFileType = sourcecode.c.objc; path = main.m; sourceTree = "<group>"; };
		319F0681180B2ABC00943567 /* ShazamTestProj-Prefix.pch */ = {isa = PBXFileReference; lastKnownFileType = sourcecode.c.h; path = "ShazamTestProj-Prefix.pch"; sourceTree = "<group>"; };
		319F068C180B2ABC00943567 /* en */ = {isa = PBXFileReference; lastKnownFileType = file.storyboard; name = en; path = en.lproj/MainStoryboard_iPhone.storyboard; sourceTree = "<group>"; };
		319F068F180B2ABC00943567 /* en */ = {isa = PBXFileReference; lastKnownFileType = file.storyboard; name = en; path = en.lproj/MainStoryboard_iPad.storyboard; sourceTree = "<group>"; };
		319F0699180B2ABD00943567 /* ShazamTestProjTests.octest */ = {isa = PBXFileReference; explicitFileType = wrapper.cfbundle; includeInIndex = 0; path = ShazamTestProjTests.octest; sourceTree = BUILT_PRODUCTS_DIR; };
		319F069A180B2ABD00943567 /* SenTestingKit.framework */ = {isa = PBXFileReference; lastKnownFileType = wrapper.framework; name = SenTestingKit.framework; path = Library/Frameworks/SenTestingKit.framework; sourceTree = DEVELOPER_DIR; };
		319F06A2180B2ABD00943567 /* ShazamTestProjTests-Info.plist */ = {isa = PBXFileReference; lastKnownFileType = text.plist.xml; path = "ShazamTestProjTests-Info.plist"; sourceTree = "<group>"; };
		319F06A4180B2ABD00943567 /* en */ = {isa = PBXFileReference; lastKnownFileType = text.plist.strings; name = en; path = en.lproj/InfoPlist.strings; sourceTree = "<group>"; };
		319F06A6180B2ABD00943567 /* ShazamTestProjTests.h */ = {isa = PBXFileReference; lastKnownFileType = sourcecode.c.h; path = ShazamTestProjTests.h; sourceTree = "<group>"; };
		319F06A7180B2ABD00943567 /* ShazamTestProjTests.m */ = {isa = PBXFileReference; lastKnownFileType = sourcecode.c.objc; path = ShazamTestProjTests.m; sourceTree = "<group>"; };
		6C5AC5559B48CDC2984FB8C4 /* UIAlertView+CommonAlerts.m */ = {isa = PBXFileReference; fileEncoding = 4; lastKnownFileType = sourcecode.c.objc; path = "UIAlertView+CommonAlerts.m"; sourceTree = "<group>"; };
		6C5AC6D96B0D1D1604FCD8B0 /* SHZRSSMutableItem.h */ = {isa = PBXFileReference; fileEncoding = 4; lastKnownFileType = sourcecode.c.h; path = SHZRSSMutableItem.h; sourceTree = "<group>"; };
		6C5AC929AD27B9DBFCBC3A36 /* SHZRSSMutableItem.m */ = {isa = PBXFileReference; fileEncoding = 4; lastKnownFileType = sourcecode.c.objc; path = SHZRSSMutableItem.m; sourceTree = "<group>"; };
		6C5AC9F9A317CE7F13E5B576 /* UIAlertView+CommonAlerts.h */ = {isa = PBXFileReference; fileEncoding = 4; lastKnownFileType = sourcecode.c.h; path = "UIAlertView+CommonAlerts.h"; sourceTree = "<group>"; };
/* End PBXFileReference section */

/* Begin PBXFrameworksBuildPhase section */
		319F066D180B2ABC00943567 /* Frameworks */ = {
			isa = PBXFrameworksBuildPhase;
			buildActionMask = 2147483647;
			files = (
				319F0674180B2ABC00943567 /* UIKit.framework in Frameworks */,
				319F0676180B2ABC00943567 /* Foundation.framework in Frameworks */,
				319F0678180B2ABC00943567 /* CoreGraphics.framework in Frameworks */,
			);
			runOnlyForDeploymentPostprocessing = 0;
		};
		319F0695180B2ABD00943567 /* Frameworks */ = {
			isa = PBXFrameworksBuildPhase;
			buildActionMask = 2147483647;
			files = (
				319F069B180B2ABD00943567 /* SenTestingKit.framework in Frameworks */,
				319F069C180B2ABD00943567 /* UIKit.framework in Frameworks */,
				319F069D180B2ABD00943567 /* Foundation.framework in Frameworks */,
			);
			runOnlyForDeploymentPostprocessing = 0;
		};
/* End PBXFrameworksBuildPhase section */

/* Begin PBXGroup section */
		314DFA28180B2CE2007C9015 /* Source */ = {
			isa = PBXGroup;
			children = (
				314DFA37180B2DBC007C9015 /* AppDelegate */,
				314DFA38180B2DC3007C9015 /* View Controllers */,
				314DFA3C180B3240007C9015 /* Model */,
				314DFA50180BB035007C9015 /* Categories */,
				314DFA54180BB4AA007C9015 /* RSS Parser */,
				314DFA62180BD25C007C9015 /* Network Manager */,
				314DFA71180D2A00007C9015 /* Configuration */,
			);
			path = Source;
			sourceTree = "<group>";
		};
		314DFA2F180B2CFA007C9015 /* GraphicsResources */ = {
			isa = PBXGroup;
			children = (
				314DFA4C180BAA43007C9015 /* Default */,
				314DFA4B180BAA39007C9015 /* Feed Icon */,
			);
			path = GraphicsResources;
			sourceTree = "<group>";
		};
		314DFA36180B2D1A007C9015 /* Storyboards */ = {
			isa = PBXGroup;
			children = (
				319F068B180B2ABC00943567 /* MainStoryboard_iPhone.storyboard */,
				319F068E180B2ABC00943567 /* MainStoryboard_iPad.storyboard */,
			);
			name = Storyboards;
			sourceTree = "<group>";
		};
		314DFA37180B2DBC007C9015 /* AppDelegate */ = {
			isa = PBXGroup;
			children = (
				314DFA29180B2CE2007C9015 /* SHZAppDelegate.h */,
				314DFA2A180B2CE2007C9015 /* SHZAppDelegate.m */,
			);
			name = AppDelegate;
			sourceTree = "<group>";
		};
		314DFA38180B2DC3007C9015 /* View Controllers */ = {
			isa = PBXGroup;
			children = (
				314DFA2B180B2CE2007C9015 /* SHZViewController.h */,
				314DFA2C180B2CE2007C9015 /* SHZViewController.m */,
				314DFA5C180BCB75007C9015 /* SHZWebViewController.h */,
				314DFA5D180BCB75007C9015 /* SHZWebViewController.m */,
			);
			name = "View Controllers";
			sourceTree = "<group>";
		};
		314DFA3C180B3240007C9015 /* Model */ = {
			isa = PBXGroup;
			children = (
				314DFA39180B323D007C9015 /* SHZTagsDataSource.h */,
				314DFA3A180B323D007C9015 /* SHZTagsDataSource.m */,
				314DFA55180BBA39007C9015 /* RSSItem */,
			);
			name = Model;
			sourceTree = "<group>";
		};
		314DFA3F180BA7B2007C9015 /* XMLs */ = {
			isa = PBXGroup;
			children = (
				314DFA40180BA7B2007C9015 /* taglistrss_test1.xml */,
			);
			name = XMLs;
			path = TestXMLs;
			sourceTree = "<group>";
		};
		314DFA4B180BAA39007C9015 /* Feed Icon */ = {
			isa = PBXGroup;
			children = (
				314DFA47180BAA31007C9015 /* Generic_Feed-icon.png */,
				314DFA48180BAA31007C9015 /* Generic_Feed-icon@2x.png */,
			);
			name = "Feed Icon";
			sourceTree = "<group>";
		};
		314DFA4C180BAA43007C9015 /* Default */ = {
			isa = PBXGroup;
			children = (
				314DFA30180B2CFA007C9015 /* Default-568h@2x.png */,
				314DFA31180B2CFA007C9015 /* Default.png */,
				314DFA32180B2CFA007C9015 /* Default@2x.png */,
			);
			name = Default;
			sourceTree = "<group>";
		};
		314DFA50180BB035007C9015 /* Categories */ = {
			isa = PBXGroup;
			children = (
				314DFA4D180BB030007C9015 /* UIImage+CommonImages.h */,
				314DFA4E180BB030007C9015 /* UIImage+CommonImages.m */,
				314DFA72180D2C3A007C9015 /* NSString */,
				314DFA63180BD6E2007C9015 /* NSURLRequest+Common.h */,
				314DFA64180BD6E2007C9015 /* NSURLRequest+Common.m */,
				314DFA66180CB934007C9015 /* NSArray+RSSItemCollection.h */,
				314DFA67180CB934007C9015 /* NSArray+RSSItemCollection.m */,
				6C5AC5559B48CDC2984FB8C4 /* UIAlertView+CommonAlerts.m */,
				6C5AC9F9A317CE7F13E5B576 /* UIAlertView+CommonAlerts.h */,
				314DFA73180D2C60007C9015 /* NSError+CommonErrors.h */,
				314DFA74180D2C63007C9015 /* NSError+CommonErrors.m */,
			);
			name = Categories;
			sourceTree = "<group>";
		};
		314DFA54180BB4AA007C9015 /* RSS Parser */ = {
			isa = PBXGroup;
			children = (
				314DFA51180BB4A5007C9015 /* SHZRSSParser.h */,
				314DFA52180BB4A5007C9015 /* SHZRSSParser.m */,
				3172F6BC180D3F3900CD456E /* SHZRSSParseOperation.h */,
				3172F6BD180D3F3900CD456E /* SHZRSSParseOperation.m */,
			);
			name = "RSS Parser";
			sourceTree = "<group>";
		};
		314DFA55180BBA39007C9015 /* RSSItem */ = {
			isa = PBXGroup;
			children = (
				314DFA43180BA84D007C9015 /* SHZRSSItem.h */,
				314DFA44180BA84D007C9015 /* SHZRSSItem.m */,
				6C5AC929AD27B9DBFCBC3A36 /* SHZRSSMutableItem.m */,
				6C5AC6D96B0D1D1604FCD8B0 /* SHZRSSMutableItem.h */,
			);
			name = RSSItem;
			sourceTree = "<group>";
		};
		314DFA62180BD25C007C9015 /* Network Manager */ = {
			isa = PBXGroup;
			children = (
				314DFA5F180BD231007C9015 /* SHZNetworkManager.h */,
				314DFA60180BD232007C9015 /* SHZNetworkManager.m */,
			);
			name = "Network Manager";
			sourceTree = "<group>";
		};
		314DFA6D180D223D007C9015 /* Localization */ = {
			isa = PBXGroup;
			children = (
				314DFA6A180D2234007C9015 /* Localizable.strings */,
			);
			name = Localization;
			sourceTree = "<group>";
		};
		314DFA71180D2A00007C9015 /* Configuration */ = {
			isa = PBXGroup;
			children = (
				314DFA6E180D29F2007C9015 /* Configuration.h */,
				314DFA6F180D29F3007C9015 /* Configuration.m */,
			);
			name = Configuration;
			sourceTree = "<group>";
		};
		314DFA72180D2C3A007C9015 /* NSString */ = {
			isa = PBXGroup;
			children = (
				314DFA56180BC77A007C9015 /* NSString+Concatenation.h */,
				314DFA57180BC77A007C9015 /* NSString+Concatenation.m */,
				314DFA59180BC9FF007C9015 /* NSString+Common.h */,
				314DFA5A180BC9FF007C9015 /* NSString+Common.m */,
			);
			name = NSString;
			sourceTree = "<group>";
		};
		319F0667180B2ABC00943567 = {
			isa = PBXGroup;
			children = (
				319F0679180B2ABC00943567 /* ShazamTestProj */,
				319F06A0180B2ABD00943567 /* ShazamTestProjTests */,
				319F0672180B2ABC00943567 /* Frameworks */,
				319F0671180B2ABC00943567 /* Products */,
			);
			sourceTree = "<group>";
		};
		319F0671180B2ABC00943567 /* Products */ = {
			isa = PBXGroup;
			children = (
				319F0670180B2ABC00943567 /* ShazamTestProj.app */,
				319F0699180B2ABD00943567 /* ShazamTestProjTests.octest */,
			);
			name = Products;
			sourceTree = "<group>";
		};
		319F0672180B2ABC00943567 /* Frameworks */ = {
			isa = PBXGroup;
			children = (
				319F0673180B2ABC00943567 /* UIKit.framework */,
				319F0675180B2ABC00943567 /* Foundation.framework */,
				319F0677180B2ABC00943567 /* CoreGraphics.framework */,
				319F069A180B2ABD00943567 /* SenTestingKit.framework */,
			);
			name = Frameworks;
			sourceTree = "<group>";
		};
		319F0679180B2ABC00943567 /* ShazamTestProj */ = {
			isa = PBXGroup;
			children = (
				314DFA28180B2CE2007C9015 /* Source */,
				314DFA36180B2D1A007C9015 /* Storyboards */,
				319F067A180B2ABC00943567 /* Supporting Files */,
				314DFA2F180B2CFA007C9015 /* GraphicsResources */,
				314DFA3F180BA7B2007C9015 /* XMLs */,
				314DFA6D180D223D007C9015 /* Localization */,
			);
			path = ShazamTestProj;
			sourceTree = "<group>";
		};
		319F067A180B2ABC00943567 /* Supporting Files */ = {
			isa = PBXGroup;
			children = (
				319F067B180B2ABC00943567 /* ShazamTestProj-Info.plist */,
				319F067C180B2ABC00943567 /* InfoPlist.strings */,
				319F067F180B2ABC00943567 /* main.m */,
				319F0681180B2ABC00943567 /* ShazamTestProj-Prefix.pch */,
			);
			name = "Supporting Files";
			sourceTree = "<group>";
		};
		319F06A0180B2ABD00943567 /* ShazamTestProjTests */ = {
			isa = PBXGroup;
			children = (
				319F06A6180B2ABD00943567 /* ShazamTestProjTests.h */,
				319F06A7180B2ABD00943567 /* ShazamTestProjTests.m */,
				319F06A1180B2ABD00943567 /* Supporting Files */,
			);
			path = ShazamTestProjTests;
			sourceTree = "<group>";
		};
		319F06A1180B2ABD00943567 /* Supporting Files */ = {
			isa = PBXGroup;
			children = (
				319F06A2180B2ABD00943567 /* ShazamTestProjTests-Info.plist */,
				319F06A3180B2ABD00943567 /* InfoPlist.strings */,
			);
			name = "Supporting Files";
			sourceTree = "<group>";
		};
/* End PBXGroup section */

/* Begin PBXNativeTarget section */
		319F066F180B2ABC00943567 /* ShazamTestProj */ = {
			isa = PBXNativeTarget;
			buildConfigurationList = 319F06AB180B2ABD00943567 /* Build configuration list for PBXNativeTarget "ShazamTestProj" */;
			buildPhases = (
				319F066C180B2ABC00943567 /* Sources */,
				319F066D180B2ABC00943567 /* Frameworks */,
				319F066E180B2ABC00943567 /* Resources */,
			);
			buildRules = (
			);
			dependencies = (
			);
			name = ShazamTestProj;
			productName = ShazamTestProj;
			productReference = 319F0670180B2ABC00943567 /* ShazamTestProj.app */;
			productType = "com.apple.product-type.application";
		};
		319F0698180B2ABD00943567 /* ShazamTestProjTests */ = {
			isa = PBXNativeTarget;
			buildConfigurationList = 319F06AE180B2ABD00943567 /* Build configuration list for PBXNativeTarget "ShazamTestProjTests" */;
			buildPhases = (
				319F0694180B2ABD00943567 /* Sources */,
				319F0695180B2ABD00943567 /* Frameworks */,
				319F0696180B2ABD00943567 /* Resources */,
				319F0697180B2ABD00943567 /* ShellScript */,
			);
			buildRules = (
			);
			dependencies = (
				319F069F180B2ABD00943567 /* PBXTargetDependency */,
			);
			name = ShazamTestProjTests;
			productName = ShazamTestProjTests;
			productReference = 319F0699180B2ABD00943567 /* ShazamTestProjTests.octest */;
			productType = "com.apple.product-type.bundle";
		};
/* End PBXNativeTarget section */

/* Begin PBXProject section */
		319F0668180B2ABC00943567 /* Project object */ = {
			isa = PBXProject;
			attributes = {
				CLASSPREFIX = SHZ;
				LastUpgradeCheck = 0460;
				ORGANIZATIONNAME = Wyszo;
			};
			buildConfigurationList = 319F066B180B2ABC00943567 /* Build configuration list for PBXProject "ShazamTestProj" */;
			compatibilityVersion = "Xcode 3.2";
			developmentRegion = English;
			hasScannedForEncodings = 0;
			knownRegions = (
				en,
			);
			mainGroup = 319F0667180B2ABC00943567;
			productRefGroup = 319F0671180B2ABC00943567 /* Products */;
			projectDirPath = "";
			projectRoot = "";
			targets = (
				319F066F180B2ABC00943567 /* ShazamTestProj */,
				319F0698180B2ABD00943567 /* ShazamTestProjTests */,
			);
		};
/* End PBXProject section */

/* Begin PBXResourcesBuildPhase section */
		319F066E180B2ABC00943567 /* Resources */ = {
			isa = PBXResourcesBuildPhase;
			buildActionMask = 2147483647;
			files = (
				319F067E180B2ABC00943567 /* InfoPlist.strings in Resources */,
				319F068D180B2ABC00943567 /* MainStoryboard_iPhone.storyboard in Resources */,
				319F0690180B2ABC00943567 /* MainStoryboard_iPad.storyboard in Resources */,
				314DFA33180B2CFA007C9015 /* Default-568h@2x.png in Resources */,
				314DFA34180B2CFA007C9015 /* Default.png in Resources */,
				314DFA35180B2CFA007C9015 /* Default@2x.png in Resources */,
				314DFA41180BA7B2007C9015 /* taglistrss_test1.xml in Resources */,
				314DFA49180BAA31007C9015 /* Generic_Feed-icon.png in Resources */,
				314DFA4A180BAA31007C9015 /* Generic_Feed-icon@2x.png in Resources */,
				314DFA6C180D2236007C9015 /* Localizable.strings in Resources */,
			);
			runOnlyForDeploymentPostprocessing = 0;
		};
		319F0696180B2ABD00943567 /* Resources */ = {
			isa = PBXResourcesBuildPhase;
			buildActionMask = 2147483647;
			files = (
				319F06A5180B2ABD00943567 /* InfoPlist.strings in Resources */,
				314DFA42180BA7B2007C9015 /* taglistrss_test1.xml in Resources */,
			);
			runOnlyForDeploymentPostprocessing = 0;
		};
/* End PBXResourcesBuildPhase section */

/* Begin PBXShellScriptBuildPhase section */
		319F0697180B2ABD00943567 /* ShellScript */ = {
			isa = PBXShellScriptBuildPhase;
			buildActionMask = 2147483647;
			files = (
			);
			inputPaths = (
			);
			outputPaths = (
			);
			runOnlyForDeploymentPostprocessing = 0;
			shellPath = /bin/sh;
			shellScript = "# Run the unit tests in this test bundle.\n\"${SYSTEM_DEVELOPER_DIR}/Tools/RunUnitTests\"\n";
		};
/* End PBXShellScriptBuildPhase section */

/* Begin PBXSourcesBuildPhase section */
		319F066C180B2ABC00943567 /* Sources */ = {
			isa = PBXSourcesBuildPhase;
			buildActionMask = 2147483647;
			files = (
				319F0680180B2ABC00943567 /* main.m in Sources */,
				314DFA2D180B2CE2007C9015 /* SHZAppDelegate.m in Sources */,
				314DFA2E180B2CE2007C9015 /* SHZViewController.m in Sources */,
				314DFA3B180B323D007C9015 /* SHZTagsDataSource.m in Sources */,
				314DFA45180BA84D007C9015 /* SHZRSSItem.m in Sources */,
				314DFA4F180BB030007C9015 /* UIImage+CommonImages.m in Sources */,
				314DFA53180BB4A6007C9015 /* SHZRSSParser.m in Sources */,
				6C5AC7D652807EC2D419183D /* SHZRSSMutableItem.m in Sources */,
				314DFA58180BC77A007C9015 /* NSString+Concatenation.m in Sources */,
				314DFA5B180BC9FF007C9015 /* NSString+Common.m in Sources */,
				314DFA5E180BCB75007C9015 /* SHZWebViewController.m in Sources */,
				314DFA61180BD233007C9015 /* SHZNetworkManager.m in Sources */,
				314DFA65180BD6E2007C9015 /* NSURLRequest+Common.m in Sources */,
				314DFA68180CB935007C9015 /* NSArray+RSSItemCollection.m in Sources */,
				6C5ACBCD3D813AA92DF6F8AA /* UIAlertView+CommonAlerts.m in Sources */,
				314DFA70180D29F5007C9015 /* Configuration.m in Sources */,
				314DFA75180D2C69007C9015 /* NSError+CommonErrors.m in Sources */,
				3172F6BE180D3F3900CD456E /* SHZRSSParseOperation.m in Sources */,
			);
			runOnlyForDeploymentPostprocessing = 0;
		};
		319F0694180B2ABD00943567 /* Sources */ = {
			isa = PBXSourcesBuildPhase;
			buildActionMask = 2147483647;
			files = (
				319F06A8180B2ABD00943567 /* ShazamTestProjTests.m in Sources */,
				314DFA46180BA84D007C9015 /* SHZRSSItem.m in Sources */,
			);
			runOnlyForDeploymentPostprocessing = 0;
		};
/* End PBXSourcesBuildPhase section */

/* Begin PBXTargetDependency section */
		319F069F180B2ABD00943567 /* PBXTargetDependency */ = {
			isa = PBXTargetDependency;
			target = 319F066F180B2ABC00943567 /* ShazamTestProj */;
			targetProxy = 319F069E180B2ABD00943567 /* PBXContainerItemProxy */;
		};
/* End PBXTargetDependency section */

/* Begin PBXVariantGroup section */
		314DFA6A180D2234007C9015 /* Localizable.strings */ = {
			isa = PBXVariantGroup;
			children = (
				314DFA6B180D2236007C9015 /* en */,
			);
			name = Localizable.strings;
			sourceTree = "<group>";
		};
		319F067C180B2ABC00943567 /* InfoPlist.strings */ = {
			isa = PBXVariantGroup;
			children = (
				319F067D180B2ABC00943567 /* en */,
			);
			name = InfoPlist.strings;
			sourceTree = "<group>";
		};
		319F068B180B2ABC00943567 /* MainStoryboard_iPhone.storyboard */ = {
			isa = PBXVariantGroup;
			children = (
				319F068C180B2ABC00943567 /* en */,
			);
			name = MainStoryboard_iPhone.storyboard;
			sourceTree = "<group>";
		};
		319F068E180B2ABC00943567 /* MainStoryboard_iPad.storyboard */ = {
			isa = PBXVariantGroup;
			children = (
				319F068F180B2ABC00943567 /* en */,
			);
			name = MainStoryboard_iPad.storyboard;
			sourceTree = "<group>";
		};
		319F06A3180B2ABD00943567 /* InfoPlist.strings */ = {
			isa = PBXVariantGroup;
			children = (
				319F06A4180B2ABD00943567 /* en */,
			);
			name = InfoPlist.strings;
			sourceTree = "<group>";
		};
/* End PBXVariantGroup section */

/* Begin XCBuildConfiguration section */
		319F06A9180B2ABD00943567 /* Debug */ = {
			isa = XCBuildConfiguration;
			buildSettings = {
				ALWAYS_SEARCH_USER_PATHS = NO;
				CLANG_CXX_LANGUAGE_STANDARD = "gnu++0x";
				CLANG_CXX_LIBRARY = "libc++";
				CLANG_ENABLE_OBJC_ARC = YES;
				CLANG_WARN_CONSTANT_CONVERSION = YES;
				CLANG_WARN_EMPTY_BODY = YES;
				CLANG_WARN_ENUM_CONVERSION = YES;
				CLANG_WARN_INT_CONVERSION = YES;
				CLANG_WARN__DUPLICATE_METHOD_MATCH = YES;
				"CODE_SIGN_IDENTITY[sdk=iphoneos*]" = "iPhone Developer";
				COPY_PHASE_STRIP = NO;
				GCC_C_LANGUAGE_STANDARD = gnu99;
				GCC_DYNAMIC_NO_PIC = NO;
				GCC_OPTIMIZATION_LEVEL = 0;
				GCC_PREPROCESSOR_DEFINITIONS = (
					"DEBUG=1",
					"$(inherited)",
				);
				GCC_SYMBOLS_PRIVATE_EXTERN = NO;
				GCC_WARN_ABOUT_RETURN_TYPE = YES;
				GCC_WARN_UNINITIALIZED_AUTOS = YES;
				GCC_WARN_UNUSED_VARIABLE = YES;
				IPHONEOS_DEPLOYMENT_TARGET = 6.1;
				ONLY_ACTIVE_ARCH = YES;
				SDKROOT = iphoneos;
				TARGETED_DEVICE_FAMILY = "1,2";
			};
			name = Debug;
		};
		319F06AA180B2ABD00943567 /* Release */ = {
			isa = XCBuildConfiguration;
			buildSettings = {
				ALWAYS_SEARCH_USER_PATHS = NO;
				CLANG_CXX_LANGUAGE_STANDARD = "gnu++0x";
				CLANG_CXX_LIBRARY = "libc++";
				CLANG_ENABLE_OBJC_ARC = YES;
				CLANG_WARN_CONSTANT_CONVERSION = YES;
				CLANG_WARN_EMPTY_BODY = YES;
				CLANG_WARN_ENUM_CONVERSION = YES;
				CLANG_WARN_INT_CONVERSION = YES;
				CLANG_WARN__DUPLICATE_METHOD_MATCH = YES;
				"CODE_SIGN_IDENTITY[sdk=iphoneos*]" = "iPhone Developer";
				COPY_PHASE_STRIP = YES;
				GCC_C_LANGUAGE_STANDARD = gnu99;
				GCC_WARN_ABOUT_RETURN_TYPE = YES;
				GCC_WARN_UNINITIALIZED_AUTOS = YES;
				GCC_WARN_UNUSED_VARIABLE = YES;
				IPHONEOS_DEPLOYMENT_TARGET = 6.1;
				OTHER_CFLAGS = "-DNS_BLOCK_ASSERTIONS=1";
				SDKROOT = iphoneos;
				TARGETED_DEVICE_FAMILY = "1,2";
				VALIDATE_PRODUCT = YES;
			};
			name = Release;
		};
		319F06AC180B2ABD00943567 /* Debug */ = {
			isa = XCBuildConfiguration;
			buildSettings = {
				GCC_PRECOMPILE_PREFIX_HEADER = YES;
				GCC_PREFIX_HEADER = "ShazamTestProj/ShazamTestProj-Prefix.pch";
				INFOPLIST_FILE = "ShazamTestProj/ShazamTestProj-Info.plist";
				PRODUCT_NAME = "$(TARGET_NAME)";
				WRAPPER_EXTENSION = app;
			};
			name = Debug;
		};
		319F06AD180B2ABD00943567 /* Release */ = {
			isa = XCBuildConfiguration;
			buildSettings = {
				GCC_PRECOMPILE_PREFIX_HEADER = YES;
				GCC_PREFIX_HEADER = "ShazamTestProj/ShazamTestProj-Prefix.pch";
				INFOPLIST_FILE = "ShazamTestProj/ShazamTestProj-Info.plist";
				PRODUCT_NAME = "$(TARGET_NAME)";
				WRAPPER_EXTENSION = app;
			};
			name = Release;
		};
		319F06AF180B2ABD00943567 /* Debug */ = {
			isa = XCBuildConfiguration;
			buildSettings = {
				BUNDLE_LOADER = "$(BUILT_PRODUCTS_DIR)/ShazamTestProj.app/ShazamTestProj";
				FRAMEWORK_SEARCH_PATHS = (
					"\"$(SDKROOT)/Developer/Library/Frameworks\"",
					"\"$(DEVELOPER_LIBRARY_DIR)/Frameworks\"",
				);
				GCC_PRECOMPILE_PREFIX_HEADER = YES;
				GCC_PREFIX_HEADER = "ShazamTestProj/ShazamTestProj-Prefix.pch";
				INFOPLIST_FILE = "ShazamTestProjTests/ShazamTestProjTests-Info.plist";
				PRODUCT_NAME = "$(TARGET_NAME)";
				TEST_HOST = "$(BUNDLE_LOADER)";
				WRAPPER_EXTENSION = octest;
			};
			name = Debug;
		};
		319F06B0180B2ABD00943567 /* Release */ = {
			isa = XCBuildConfiguration;
			buildSettings = {
				BUNDLE_LOADER = "$(BUILT_PRODUCTS_DIR)/ShazamTestProj.app/ShazamTestProj";
				FRAMEWORK_SEARCH_PATHS = (
					"\"$(SDKROOT)/Developer/Library/Frameworks\"",
					"\"$(DEVELOPER_LIBRARY_DIR)/Frameworks\"",
				);
				GCC_PRECOMPILE_PREFIX_HEADER = YES;
				GCC_PREFIX_HEADER = "ShazamTestProj/ShazamTestProj-Prefix.pch";
				INFOPLIST_FILE = "ShazamTestProjTests/ShazamTestProjTests-Info.plist";
				PRODUCT_NAME = "$(TARGET_NAME)";
				TEST_HOST = "$(BUNDLE_LOADER)";
				WRAPPER_EXTENSION = octest;
			};
			name = Release;
		};
/* End XCBuildConfiguration section */

/* Begin XCConfigurationList section */
		319F066B180B2ABC00943567 /* Build configuration list for PBXProject "ShazamTestProj" */ = {
			isa = XCConfigurationList;
			buildConfigurations = (
				319F06A9180B2ABD00943567 /* Debug */,
				319F06AA180B2ABD00943567 /* Release */,
			);
			defaultConfigurationIsVisible = 0;
			defaultConfigurationName = Release;
		};
		319F06AB180B2ABD00943567 /* Build configuration list for PBXNativeTarget "ShazamTestProj" */ = {
			isa = XCConfigurationList;
			buildConfigurations = (
				319F06AC180B2ABD00943567 /* Debug */,
				319F06AD180B2ABD00943567 /* Release */,
			);
			defaultConfigurationIsVisible = 0;
			defaultConfigurationName = Release;
		};
		319F06AE180B2ABD00943567 /* Build configuration list for PBXNativeTarget "ShazamTestProjTests" */ = {
			isa = XCConfigurationList;
			buildConfigurations = (
				319F06AF180B2ABD00943567 /* Debug */,
				319F06B0180B2ABD00943567 /* Release */,
			);
			defaultConfigurationIsVisible = 0;
			defaultConfigurationName = Release;
		};
/* End XCConfigurationList section */
	};
	rootObject = 319F0668180B2ABC00943567 /* Project object */;
}
